// !$*UTF8*$!
{
	archiveVersion = 1;
	classes = {
	};
	objectVersion = 50;
	objects = {

/* Begin PBXBuildFile section */
		4ED6F9652255364000F2008D /* ContentViewController.swift in Sources */ = {isa = PBXBuildFile; fileRef = 4ED6F9642255364000F2008D /* ContentViewController.swift */; };
		4ED6F96722553FB400F2008D /* Flow.swift in Sources */ = {isa = PBXBuildFile; fileRef = 4ED6F96622553FB400F2008D /* Flow.swift */; };
		4EEB24A2224D9D1F00F0C324 /* SheetPresentationController.swift in Sources */ = {isa = PBXBuildFile; fileRef = 4EEB24A1224D9D1F00F0C324 /* SheetPresentationController.swift */; };
		4EEB24A4224DA4E500F0C324 /* SheetViewController.swift in Sources */ = {isa = PBXBuildFile; fileRef = 4EEB24A3224DA4E500F0C324 /* SheetViewController.swift */; };
		4EEB24A6224E952000F0C324 /* UICubicTimingParameters.swift in Sources */ = {isa = PBXBuildFile; fileRef = 4EEB24A5224E952000F0C324 /* UICubicTimingParameters.swift */; };
		4EEB24A8224E964C00F0C324 /* ViewControllerTransitioningAdapter.swift in Sources */ = {isa = PBXBuildFile; fileRef = 4EEB24A7224E964C00F0C324 /* ViewControllerTransitioningAdapter.swift */; };
		4EF30E7E224D4FBE00054EAC /* AppDelegate.swift in Sources */ = {isa = PBXBuildFile; fileRef = 4EF30E7D224D4FBE00054EAC /* AppDelegate.swift */; };
		4EF30E80224D4FBE00054EAC /* MainViewController.swift in Sources */ = {isa = PBXBuildFile; fileRef = 4EF30E7F224D4FBE00054EAC /* MainViewController.swift */; };
		4EF30E85224D4FC000054EAC /* Assets.xcassets in Resources */ = {isa = PBXBuildFile; fileRef = 4EF30E84224D4FC000054EAC /* Assets.xcassets */; };
		4EF30E88224D4FC000054EAC /* LaunchScreen.storyboard in Resources */ = {isa = PBXBuildFile; fileRef = 4EF30E86224D4FC000054EAC /* LaunchScreen.storyboard */; };
		4EF30E90224D9AE900054EAC /* VerticalPresentationTransition.swift in Sources */ = {isa = PBXBuildFile; fileRef = 4EF30E8F224D9AE900054EAC /* VerticalPresentationTransition.swift */; };
		4EF30E92224D9AF400054EAC /* VerticalDismissalTransition.swift in Sources */ = {isa = PBXBuildFile; fileRef = 4EF30E91224D9AF400054EAC /* VerticalDismissalTransition.swift */; };
/* End PBXBuildFile section */

/* Begin PBXFileReference section */
		4ED6F9642255364000F2008D /* ContentViewController.swift */ = {isa = PBXFileReference; lastKnownFileType = sourcecode.swift; path = ContentViewController.swift; sourceTree = "<group>"; };
		4ED6F96622553FB400F2008D /* Flow.swift */ = {isa = PBXFileReference; lastKnownFileType = sourcecode.swift; path = Flow.swift; sourceTree = "<group>"; };
		4EEB24A1224D9D1F00F0C324 /* SheetPresentationController.swift */ = {isa = PBXFileReference; lastKnownFileType = sourcecode.swift; path = SheetPresentationController.swift; sourceTree = "<group>"; };
		4EEB24A3224DA4E500F0C324 /* SheetViewController.swift */ = {isa = PBXFileReference; lastKnownFileType = sourcecode.swift; path = SheetViewController.swift; sourceTree = "<group>"; };
		4EEB24A5224E952000F0C324 /* UICubicTimingParameters.swift */ = {isa = PBXFileReference; lastKnownFileType = sourcecode.swift; path = UICubicTimingParameters.swift; sourceTree = "<group>"; };
		4EEB24A7224E964C00F0C324 /* ViewControllerTransitioningAdapter.swift */ = {isa = PBXFileReference; lastKnownFileType = sourcecode.swift; path = ViewControllerTransitioningAdapter.swift; sourceTree = "<group>"; };
		4EF30E7A224D4FBE00054EAC /* InteractiveDismissal.app */ = {isa = PBXFileReference; explicitFileType = wrapper.application; includeInIndex = 0; path = InteractiveDismissal.app; sourceTree = BUILT_PRODUCTS_DIR; };
		4EF30E7D224D4FBE00054EAC /* AppDelegate.swift */ = {isa = PBXFileReference; lastKnownFileType = sourcecode.swift; path = AppDelegate.swift; sourceTree = "<group>"; };
		4EF30E7F224D4FBE00054EAC /* MainViewController.swift */ = {isa = PBXFileReference; lastKnownFileType = sourcecode.swift; path = MainViewController.swift; sourceTree = "<group>"; };
		4EF30E84224D4FC000054EAC /* Assets.xcassets */ = {isa = PBXFileReference; lastKnownFileType = folder.assetcatalog; path = Assets.xcassets; sourceTree = "<group>"; };
		4EF30E87224D4FC000054EAC /* Base */ = {isa = PBXFileReference; lastKnownFileType = file.storyboard; name = Base; path = Base.lproj/LaunchScreen.storyboard; sourceTree = "<group>"; };
		4EF30E89224D4FC000054EAC /* Info.plist */ = {isa = PBXFileReference; lastKnownFileType = text.plist.xml; path = Info.plist; sourceTree = "<group>"; };
		4EF30E8F224D9AE900054EAC /* VerticalPresentationTransition.swift */ = {isa = PBXFileReference; lastKnownFileType = sourcecode.swift; path = VerticalPresentationTransition.swift; sourceTree = "<group>"; };
		4EF30E91224D9AF400054EAC /* VerticalDismissalTransition.swift */ = {isa = PBXFileReference; lastKnownFileType = sourcecode.swift; path = VerticalDismissalTransition.swift; sourceTree = "<group>"; };
/* End PBXFileReference section */

/* Begin PBXFrameworksBuildPhase section */
		4EF30E77224D4FBE00054EAC /* Frameworks */ = {
			isa = PBXFrameworksBuildPhase;
			buildActionMask = 2147483647;
			files = (
			);
			runOnlyForDeploymentPostprocessing = 0;
		};
/* End PBXFrameworksBuildPhase section */

/* Begin PBXGroup section */
		4EF30E71224D4FBE00054EAC = {
			isa = PBXGroup;
			children = (
				4EF30E7C224D4FBE00054EAC /* InteractiveDismissal */,
				4EF30E7B224D4FBE00054EAC /* Products */,
			);
			sourceTree = "<group>";
		};
		4EF30E7B224D4FBE00054EAC /* Products */ = {
			isa = PBXGroup;
			children = (
				4EF30E7A224D4FBE00054EAC /* InteractiveDismissal.app */,
			);
			name = Products;
			sourceTree = "<group>";
		};
		4EF30E7C224D4FBE00054EAC /* InteractiveDismissal */ = {
			isa = PBXGroup;
			children = (
				4EF30E7D224D4FBE00054EAC /* AppDelegate.swift */,
				4EF30E7F224D4FBE00054EAC /* MainViewController.swift */,
				4ED6F96622553FB400F2008D /* Flow.swift */,
				4ED6F9642255364000F2008D /* ContentViewController.swift */,
				4EF30E93224D9AF900054EAC /* Transitions */,
				4EF30E84224D4FC000054EAC /* Assets.xcassets */,
				4EF30E86224D4FC000054EAC /* LaunchScreen.storyboard */,
				4EF30E89224D4FC000054EAC /* Info.plist */,
			);
			path = InteractiveDismissal;
			sourceTree = "<group>";
		};
		4EF30E93224D9AF900054EAC /* Transitions */ = {
			isa = PBXGroup;
			children = (
				4EEB24A3224DA4E500F0C324 /* SheetViewController.swift */,
				4EEB24A1224D9D1F00F0C324 /* SheetPresentationController.swift */,
				4EF30E8F224D9AE900054EAC /* VerticalPresentationTransition.swift */,
				4EF30E91224D9AF400054EAC /* VerticalDismissalTransition.swift */,
				4EEB24A5224E952000F0C324 /* UICubicTimingParameters.swift */,
				4EEB24A7224E964C00F0C324 /* ViewControllerTransitioningAdapter.swift */,
			);
			path = Transitions;
			sourceTree = "<group>";
		};
/* End PBXGroup section */

/* Begin PBXNativeTarget section */
		4EF30E79224D4FBE00054EAC /* InteractiveDismissal */ = {
			isa = PBXNativeTarget;
			buildConfigurationList = 4EF30E8C224D4FC000054EAC /* Build configuration list for PBXNativeTarget "InteractiveDismissal" */;
			buildPhases = (
				4EF30E76224D4FBE00054EAC /* Sources */,
				4EF30E77224D4FBE00054EAC /* Frameworks */,
				4EF30E78224D4FBE00054EAC /* Resources */,
			);
			buildRules = (
			);
			dependencies = (
			);
			name = InteractiveDismissal;
			productName = InteractiveDismissal;
			productReference = 4EF30E7A224D4FBE00054EAC /* InteractiveDismissal.app */;
			productType = "com.apple.product-type.application";
		};
/* End PBXNativeTarget section */

/* Begin PBXProject section */
		4EF30E72224D4FBE00054EAC /* Project object */ = {
			isa = PBXProject;
			attributes = {
				LastSwiftUpdateCheck = 1010;
				LastUpgradeCheck = 1010;
				ORGANIZATIONNAME = Tinder;
				TargetAttributes = {
					4EF30E79224D4FBE00054EAC = {
						CreatedOnToolsVersion = 10.1;
					};
				};
			};
			buildConfigurationList = 4EF30E75224D4FBE00054EAC /* Build configuration list for PBXProject "InteractiveDismissal" */;
			compatibilityVersion = "Xcode 9.3";
			developmentRegion = en;
			hasScannedForEncodings = 0;
			knownRegions = (
				en,
				Base,
			);
			mainGroup = 4EF30E71224D4FBE00054EAC;
			productRefGroup = 4EF30E7B224D4FBE00054EAC /* Products */;
			projectDirPath = "";
			projectRoot = "";
			targets = (
				4EF30E79224D4FBE00054EAC /* InteractiveDismissal */,
			);
		};
/* End PBXProject section */

/* Begin PBXResourcesBuildPhase section */
		4EF30E78224D4FBE00054EAC /* Resources */ = {
			isa = PBXResourcesBuildPhase;
			buildActionMask = 2147483647;
			files = (
				4EF30E88224D4FC000054EAC /* LaunchScreen.storyboard in Resources */,
				4EF30E85224D4FC000054EAC /* Assets.xcassets in Resources */,
			);
			runOnlyForDeploymentPostprocessing = 0;
		};
/* End PBXResourcesBuildPhase section */

/* Begin PBXSourcesBuildPhase section */
		4EF30E76224D4FBE00054EAC /* Sources */ = {
			isa = PBXSourcesBuildPhase;
			buildActionMask = 2147483647;
			files = (
				4EEB24A4224DA4E500F0C324 /* SheetViewController.swift in Sources */,
				4ED6F96722553FB400F2008D /* Flow.swift in Sources */,
				4EF30E80224D4FBE00054EAC /* MainViewController.swift in Sources */,
				4EF30E90224D9AE900054EAC /* VerticalPresentationTransition.swift in Sources */,
				4EF30E92224D9AF400054EAC /* VerticalDismissalTransition.swift in Sources */,
				4ED6F9652255364000F2008D /* ContentViewController.swift in Sources */,
				4EEB24A8224E964C00F0C324 /* ViewControllerTransitioningAdapter.swift in Sources */,
				4EF30E7E224D4FBE00054EAC /* AppDelegate.swift in Sources */,
				4EEB24A2224D9D1F00F0C324 /* SheetPresentationController.swift in Sources */,
				4EEB24A6224E952000F0C324 /* UICubicTimingParameters.swift in Sources */,
			);
			runOnlyForDeploymentPostprocessing = 0;
		};
/* End PBXSourcesBuildPhase section */

/* Begin PBXVariantGroup section */
		4EF30E86224D4FC000054EAC /* LaunchScreen.storyboard */ = {
			isa = PBXVariantGroup;
			children = (
				4EF30E87224D4FC000054EAC /* Base */,
			);
			name = LaunchScreen.storyboard;
			sourceTree = "<group>";
		};
/* End PBXVariantGroup section */

/* Begin XCBuildConfiguration section */
		4EF30E8A224D4FC000054EAC /* Debug */ = {
			isa = XCBuildConfiguration;
			buildSettings = {
				ALWAYS_SEARCH_USER_PATHS = NO;
				CLANG_ANALYZER_NONNULL = YES;
				CLANG_ANALYZER_NUMBER_OBJECT_CONVERSION = YES_AGGRESSIVE;
				CLANG_CXX_LANGUAGE_STANDARD = "gnu++14";
				CLANG_CXX_LIBRARY = "libc++";
				CLANG_ENABLE_MODULES = YES;
				CLANG_ENABLE_OBJC_ARC = YES;
				CLANG_ENABLE_OBJC_WEAK = YES;
				CLANG_WARN_BLOCK_CAPTURE_AUTORELEASING = YES;
				CLANG_WARN_BOOL_CONVERSION = YES;
				CLANG_WARN_COMMA = YES;
				CLANG_WARN_CONSTANT_CONVERSION = YES;
				CLANG_WARN_DEPRECATED_OBJC_IMPLEMENTATIONS = YES;
				CLANG_WARN_DIRECT_OBJC_ISA_USAGE = YES_ERROR;
				CLANG_WARN_DOCUMENTATION_COMMENTS = YES;
				CLANG_WARN_EMPTY_BODY = YES;
				CLANG_WARN_ENUM_CONVERSION = YES;
				CLANG_WARN_INFINITE_RECURSION = YES;
				CLANG_WARN_INT_CONVERSION = YES;
				CLANG_WARN_NON_LITERAL_NULL_CONVERSION = YES;
				CLANG_WARN_OBJC_IMPLICIT_RETAIN_SELF = YES;
				CLANG_WARN_OBJC_LITERAL_CONVERSION = YES;
				CLANG_WARN_OBJC_ROOT_CLASS = YES_ERROR;
				CLANG_WARN_RANGE_LOOP_ANALYSIS = YES;
				CLANG_WARN_STRICT_PROTOTYPES = YES;
				CLANG_WARN_SUSPICIOUS_MOVE = YES;
				CLANG_WARN_UNGUARDED_AVAILABILITY = YES_AGGRESSIVE;
				CLANG_WARN_UNREACHABLE_CODE = YES;
				CLANG_WARN__DUPLICATE_METHOD_MATCH = YES;
				CODE_SIGN_IDENTITY = "iPhone Developer";
				COPY_PHASE_STRIP = NO;
				DEBUG_INFORMATION_FORMAT = dwarf;
				ENABLE_STRICT_OBJC_MSGSEND = YES;
				ENABLE_TESTABILITY = YES;
				GCC_C_LANGUAGE_STANDARD = gnu11;
				GCC_DYNAMIC_NO_PIC = NO;
				GCC_NO_COMMON_BLOCKS = YES;
				GCC_OPTIMIZATION_LEVEL = 0;
				GCC_PREPROCESSOR_DEFINITIONS = (
					"DEBUG=1",
					"$(inherited)",
				);
				GCC_WARN_64_TO_32_BIT_CONVERSION = YES;
				GCC_WARN_ABOUT_RETURN_TYPE = YES_ERROR;
				GCC_WARN_UNDECLARED_SELECTOR = YES;
				GCC_WARN_UNINITIALIZED_AUTOS = YES_AGGRESSIVE;
				GCC_WARN_UNUSED_FUNCTION = YES;
				GCC_WARN_UNUSED_VARIABLE = YES;
				IPHONEOS_DEPLOYMENT_TARGET = 12.1;
				MTL_ENABLE_DEBUG_INFO = INCLUDE_SOURCE;
				MTL_FAST_MATH = YES;
				ONLY_ACTIVE_ARCH = YES;
				SDKROOT = iphoneos;
				SWIFT_ACTIVE_COMPILATION_CONDITIONS = DEBUG;
				SWIFT_OPTIMIZATION_LEVEL = "-Onone";
			};
			name = Debug;
		};
		4EF30E8B224D4FC000054EAC /* Release */ = {
			isa = XCBuildConfiguration;
			buildSettings = {
				ALWAYS_SEARCH_USER_PATHS = NO;
				CLANG_ANALYZER_NONNULL = YES;
				CLANG_ANALYZER_NUMBER_OBJECT_CONVERSION = YES_AGGRESSIVE;
				CLANG_CXX_LANGUAGE_STANDARD = "gnu++14";
				CLANG_CXX_LIBRARY = "libc++";
				CLANG_ENABLE_MODULES = YES;
				CLANG_ENABLE_OBJC_ARC = YES;
				CLANG_ENABLE_OBJC_WEAK = YES;
				CLANG_WARN_BLOCK_CAPTURE_AUTORELEASING = YES;
				CLANG_WARN_BOOL_CONVERSION = YES;
				CLANG_WARN_COMMA = YES;
				CLANG_WARN_CONSTANT_CONVERSION = YES;
				CLANG_WARN_DEPRECATED_OBJC_IMPLEMENTATIONS = YES;
				CLANG_WARN_DIRECT_OBJC_ISA_USAGE = YES_ERROR;
				CLANG_WARN_DOCUMENTATION_COMMENTS = YES;
				CLANG_WARN_EMPTY_BODY = YES;
				CLANG_WARN_ENUM_CONVERSION = YES;
				CLANG_WARN_INFINITE_RECURSION = YES;
				CLANG_WARN_INT_CONVERSION = YES;
				CLANG_WARN_NON_LITERAL_NULL_CONVERSION = YES;
				CLANG_WARN_OBJC_IMPLICIT_RETAIN_SELF = YES;
				CLANG_WARN_OBJC_LITERAL_CONVERSION = YES;
				CLANG_WARN_OBJC_ROOT_CLASS = YES_ERROR;
				CLANG_WARN_RANGE_LOOP_ANALYSIS = YES;
				CLANG_WARN_STRICT_PROTOTYPES = YES;
				CLANG_WARN_SUSPICIOUS_MOVE = YES;
				CLANG_WARN_UNGUARDED_AVAILABILITY = YES_AGGRESSIVE;
				CLANG_WARN_UNREACHABLE_CODE = YES;
				CLANG_WARN__DUPLICATE_METHOD_MATCH = YES;
				CODE_SIGN_IDENTITY = "iPhone Developer";
				COPY_PHASE_STRIP = NO;
				DEBUG_INFORMATION_FORMAT = "dwarf-with-dsym";
				ENABLE_NS_ASSERTIONS = NO;
				ENABLE_STRICT_OBJC_MSGSEND = YES;
				GCC_C_LANGUAGE_STANDARD = gnu11;
				GCC_NO_COMMON_BLOCKS = YES;
				GCC_WARN_64_TO_32_BIT_CONVERSION = YES;
				GCC_WARN_ABOUT_RETURN_TYPE = YES_ERROR;
				GCC_WARN_UNDECLARED_SELECTOR = YES;
				GCC_WARN_UNINITIALIZED_AUTOS = YES_AGGRESSIVE;
				GCC_WARN_UNUSED_FUNCTION = YES;
				GCC_WARN_UNUSED_VARIABLE = YES;
				IPHONEOS_DEPLOYMENT_TARGET = 12.1;
				MTL_ENABLE_DEBUG_INFO = NO;
				MTL_FAST_MATH = YES;
				SDKROOT = iphoneos;
				SWIFT_COMPILATION_MODE = wholemodule;
				SWIFT_OPTIMIZATION_LEVEL = "-O";
				VALIDATE_PRODUCT = YES;
			};
			name = Release;
		};
		4EF30E8D224D4FC000054EAC /* Debug */ = {
			isa = XCBuildConfiguration;
			buildSettings = {
				ASSETCATALOG_COMPILER_APPICON_NAME = AppIcon;
				CODE_SIGN_STYLE = Automatic;
				DEVELOPMENT_TEAM = 825DDA558L;
				INFOPLIST_FILE = InteractiveDismissal/Info.plist;
				LD_RUNPATH_SEARCH_PATHS = (
					"$(inherited)",
					"@executable_path/Frameworks",
				);
				PRODUCT_BUNDLE_IDENTIFIER = com.tinder.InteractiveDismissal;
				PRODUCT_NAME = "$(TARGET_NAME)";
				SWIFT_VERSION = 4.2;
				TARGETED_DEVICE_FAMILY = "1,2";
			};
			name = Debug;
		};
		4EF30E8E224D4FC000054EAC /* Release */ = {
			isa = XCBuildConfiguration;
			buildSettings = {
				ASSETCATALOG_COMPILER_APPICON_NAME = AppIcon;
				CODE_SIGN_STYLE = Automatic;
				DEVELOPMENT_TEAM = 825DDA558L;
				INFOPLIST_FILE = InteractiveDismissal/Info.plist;
				LD_RUNPATH_SEARCH_PATHS = (
					"$(inherited)",
					"@executable_path/Frameworks",
				);
				PRODUCT_BUNDLE_IDENTIFIER = com.tinder.InteractiveDismissal;
				PRODUCT_NAME = "$(TARGET_NAME)";
				SWIFT_VERSION = 4.2;
				TARGETED_DEVICE_FAMILY = "1,2";
			};
			name = Release;
		};
/* End XCBuildConfiguration section */

/* Begin XCConfigurationList section */
		4EF30E75224D4FBE00054EAC /* Build configuration list for PBXProject "InteractiveDismissal" */ = {
			isa = XCConfigurationList;
			buildConfigurations = (
				4EF30E8A224D4FC000054EAC /* Debug */,
				4EF30E8B224D4FC000054EAC /* Release */,
			);
			defaultConfigurationIsVisible = 0;
			defaultConfigurationName = Release;
		};
		4EF30E8C224D4FC000054EAC /* Build configuration list for PBXNativeTarget "InteractiveDismissal" */ = {
			isa = XCConfigurationList;
			buildConfigurations = (
				4EF30E8D224D4FC000054EAC /* Debug */,
				4EF30E8E224D4FC000054EAC /* Release */,
			);
			defaultConfigurationIsVisible = 0;
			defaultConfigurationName = Release;
		};
/* End XCConfigurationList section */
	};
	rootObject = 4EF30E72224D4FBE00054EAC /* Project object */;
}
